
Microsoft Visual Studio Solution File, Format Version 12.00
# Visual Studio 14
VisualStudioVersion = 14.0.25420.1
MinimumVisualStudioVersion = 10.0.40219.1
Project("{E24C65DC-7377-472B-9ABA-BC803B73C61A}") = "RESYS(1)", "RESYS\", "{8973C1EF-E2A8-4A83-8DA8-6631DAC60A7A}"
	ProjectSection(WebsiteProperties) = preProject
		TargetFrameworkMoniker = ".NETFramework,Version%3Dv4.0"
		Debug.AspNetCompiler.VirtualPath = "/localhost_29856"
		Debug.AspNetCompiler.PhysicalPath = "E:\瑞赛思所有文件\git瑞赛思\RESYS\"
		Debug.AspNetCompiler.TargetPath = "PrecompiledWeb\localhost_29856\"
		Debug.AspNetCompiler.Updateable = "true"
		Debug.AspNetCompiler.ForceOverwrite = "true"
		Debug.AspNetCompiler.FixedNames = "false"
		Debug.AspNetCompiler.Debug = "True"
		Release.AspNetCompiler.VirtualPath = "/localhost_29856"
		Release.AspNetCompiler.PhysicalPath = "E:\瑞赛思所有文件\git瑞赛思\RESYS\"
		Release.AspNetCompiler.TargetPath = "PrecompiledWeb\localhost_29856\"
		Release.AspNetCompiler.Updateable = "true"
		Release.AspNetCompiler.ForceOverwrite = "true"
		Release.AspNetCompiler.FixedNames = "false"
		Release.AspNetCompiler.Debug = "False"
		VWDPort = "29856"
	EndProjectSection
EndProject
Global
	GlobalSection(SolutionConfigurationPlatforms) = preSolution
		Debug|Any CPU = Debug|Any CPU
	EndGlobalSection
	GlobalSection(ProjectConfigurationPlatforms) = postSolution
		{8973C1EF-E2A8-4A83-8DA8-6631DAC60A7A}.Debug|Any CPU.ActiveCfg = Debug|Any CPU
		{8973C1EF-E2A8-4A83-8DA8-6631DAC60A7A}.Debug|Any CPU.Build.0 = Debug|Any CPU
	EndGlobalSection
	GlobalSection(SolutionProperties) = preSolution
		HideSolutionNode = FALSE
	EndGlobalSection
EndGlobal
